[["version","2"]]
["","container.from",["docker.io/library/node:lts","linux/arm64"],"sha256:4196d66a565c6f195728d9952f161f4adfe2ad753052a08b7ec7f1c5a6bda42b"]
["","container.from",["docker.io/library/rust:latest","linux/arm64"],"sha256:271849e998ffce5776454bbf98c5dc21baafc854ff8e566197908d3aca9a81e8"]
["","git.ref",["https://github.com/DioxusLabs/dioxus-template.git","refs/heads/v0.7"],{"ref":"refs/heads/v0.7","sha":"1308c32cd5bbb16a66640a0f08e641a84ebc2c30"}]
["","git.ref",["https://github.com/DioxusLabs/dioxus.git","refs/tags/v0.7.10"],{"ref":"refs/tags/v0.7.10","sha":"57d6794ad60b949e5bd8aa282f6f8c3dc97a365e"}]
["","git.ref",["https://github.com/cloudflare/workers-rs.git","refs/tags/v0.8.5"],{"ref":"refs/tags/v0.8.5","sha":"cc174db40ba9f648623805e98053a4eba3bb50c0"}]
["","git.ref",["https://github.com/dagger/go-sdk","HEAD"],{"sha":"7df7aacc386448de6a9367e6179a08e318cfe607"}]
["","git.ref",["https://github.com/dagger/sdk-sdk","HEAD"],{"ref":"refs/heads/main","sha":"d1532df4f7d322a7bdab02487accde9d21bbb464"}]
["","git.ref",["https://github.com/sagikazarmark/cargo-artifacts.git","HEAD"],{"ref":"refs/heads/main","sha":"e3b44dba8c1b8eb87a88394b9d223be48320a30d"}]
["","git.ref",["https://github.com/sagikazarmark/dangpkg","HEAD"],{"ref":"refs/heads/main","sha":"a71dfd9551b4bf009d67743498b2bca7b774b657"}]
["","modules.resolve",["github.com/dagger/dang-sdk@572b0c5dbbe8b6a28beef7535161217ebef5086c"],"572b0c5dbbe8b6a28beef7535161217ebef5086c"]